
Microsoft Visual Studio Solution File, Format Version 12.00
# Visual Studio Version 17
VisualStudioVersion = 17.11.35219.272
MinimumVisualStudioVersion = 10.0.40219.1
Project("{FAE04EC0-301F-11D3-BF4B-00C04F79EFBC}") = "WebAPICoreTasks", "WebAPICoreTasks\WebAPICoreTasks.csproj", "{070C90D0-ABC2-4EB9-8B27-0A1E3B5286A4}"
EndProject
Global
	GlobalSection(SolutionConfigurationPlatforms) = preSolution
		Debug|Any CPU = Debug|Any CPU
		Release|Any CPU = Release|Any CPU
	EndGlobalSection
	GlobalSection(ProjectConfigurationPlatforms) = postSolution
		{070C90D0-ABC2-4EB9-8B27-0A1E3B5286A4}.Debug|Any CPU.ActiveCfg = Debug|Any CPU
		{070C90D0-ABC2-4EB9-8B27-0A1E3B5286A4}.Debug|Any CPU.Build.0 = Debug|Any CPU
		{070C90D0-ABC2-4EB9-8B27-0A1E3B5286A4}.Release|Any CPU.ActiveCfg = Release|Any CPU
		{070C90D0-ABC2-4EB9-8B27-0A1E3B5286A4}.Release|Any CPU.Build.0 = Release|Any CPU
	EndGlobalSection
	GlobalSection(SolutionProperties) = preSolution
		HideSolutionNode = FALSE
	EndGlobalSection
	GlobalSection(ExtensibilityGlobals) = postSolution
		SolutionGuid = {6E99FEFB-071B-4E83-A127-6A08C562E718}
	EndGlobalSection
EndGlobal
